
Microsoft Visual Studio Solution File, Format Version 12.00
# Visual Studio Version 17
VisualStudioVersion = 17.7.34009.444
MinimumVisualStudioVersion = 10.0.40219.1
Project("{FAE04EC0-301F-11D3-BF4B-00C04F79EFBC}") = "Gulf_Logistics", "Gulf_Logistics\Gulf_Logistics.csproj", "{D3AABDD5-799F-49CE-BB51-726634552196}"
EndProject
Global
	GlobalSection(SolutionConfigurationPlatforms) = preSolution
		Debug|Any CPU = Debug|Any CPU
		Release|Any CPU = Release|Any CPU
	EndGlobalSection
	GlobalSection(ProjectConfigurationPlatforms) = postSolution
		{D3AABDD5-799F-49CE-BB51-726634552196}.Debug|Any CPU.ActiveCfg = Debug|Any CPU
		{D3AABDD5-799F-49CE-BB51-726634552196}.Debug|Any CPU.Build.0 = Debug|Any CPU
		{D3AABDD5-799F-49CE-BB51-726634552196}.Release|Any CPU.ActiveCfg = Release|Any CPU
		{D3AABDD5-799F-49CE-BB51-726634552196}.Release|Any CPU.Build.0 = Release|Any CPU
	EndGlobalSection
	GlobalSection(SolutionProperties) = preSolution
		HideSolutionNode = FALSE
	EndGlobalSection
	GlobalSection(ExtensibilityGlobals) = postSolution
		SolutionGuid = {FF4E55E3-CD1C-4E25-BE8E-7D49C0C2BFBE}
	EndGlobalSection
EndGlobal
